PODS:
  - FBAudienceNetwork (5.6.0):
    - FBSDKCoreKit/Basics (>= 5.6.0)
  - FBSDKCoreKit/Basics (5.8.0)
  - GoogleAds-IMA-iOS-SDK (3.10.1)
  - IQKeyboardManager (6.5.3)
  - SlikePlayer (2.7.8):
    - FBAudienceNetwork
    - GoogleAds-IMA-iOS-SDK (~> 3.10.1)

DEPENDENCIES:
  - IQKeyboardManager
  - SlikePlayer (from `https://bitbucket.org/times_internet/slikeplayer-ios.git`, tag `2.7.8`)

SPEC REPOS:
  https://github.com/CocoaPods/Specs.git:
    - FBAudienceNetwork
    - FBSDKCoreKit
    - GoogleAds-IMA-iOS-SDK
    - IQKeyboardManager

EXTERNAL SOURCES:
  SlikePlayer:
    :git: https://bitbucket.org/times_internet/slikeplayer-ios.git
    :tag: 2.7.8

CHECKOUT OPTIONS:
  SlikePlayer:
    :git: https://bitbucket.org/times_internet/slikeplayer-ios.git
    :tag: 2.7.8

SPEC CHECKSUMS:
  FBAudienceNetwork: 1ea63543665445a3a5b4a059e8210a343b6ab3c1
  FBSDKCoreKit: e7dcac0aabcfb09d0166998edd95fe3b05a0ce5d
  GoogleAds-IMA-iOS-SDK: 0e37ab83b22075ad631a70dcba9528cb246c92bf
  IQKeyboardManager: c2f901164d56807a35788483584d09fa69192e8e
  SlikePlayer: 7e24efc3350d235b778437d290e451f700f19ea1

PODFILE CHECKSUM: 46fb99f2c527d4d4d6f354ea8f6b3844aeac9489

COCOAPODS: 1.8.4
