// !$*UTF8*$!
{
	archiveVersion = 1;
	classes = {
	};
	objectVersion = 46;
	objects = {

/* Begin PBXBuildFile section */
		3D21EE781DF7F8300002132E /* main.m in Sources */ = {isa = PBXBuildFile; fileRef = 3D21EE771DF7F8300002132E /* main.m */; };
		3D21EE7B1DF7F8300002132E /* AppDelegate.m in Sources */ = {isa = PBXBuildFile; fileRef = 3D21EE7A1DF7F8300002132E /* AppDelegate.m */; };
		3D21EE7E1DF7F8300002132E /* ViewController.m in Sources */ = {isa = PBXBuildFile; fileRef = 3D21EE7D1DF7F8300002132E /* ViewController.m */; };
		3D21EE811DF7F8300002132E /* Main.storyboard in Resources */ = {isa = PBXBuildFile; fileRef = 3D21EE7F1DF7F8300002132E /* Main.storyboard */; };
		3D21EE831DF7F8300002132E /* Assets.xcassets in Resources */ = {isa = PBXBuildFile; fileRef = 3D21EE821DF7F8300002132E /* Assets.xcassets */; };
		3D21EE861DF7F8300002132E /* LaunchScreen.storyboard in Resources */ = {isa = PBXBuildFile; fileRef = 3D21EE841DF7F8300002132E /* LaunchScreen.storyboard */; };
		3D21EE951DF7F8A60002132E /* NavViewController.m in Sources */ = {isa = PBXBuildFile; fileRef = 3D21EE8E1DF7F8A60002132E /* NavViewController.m */; };
		3D21EE961DF7F8A60002132E /* PlaylistViewController.m in Sources */ = {isa = PBXBuildFile; fileRef = 3D21EE901DF7F8A60002132E /* PlaylistViewController.m */; };
		3D21EE971DF7F8A60002132E /* WindowViewController.m in Sources */ = {isa = PBXBuildFile; fileRef = 3D21EE921DF7F8A60002132E /* WindowViewController.m */; };
		3D21EE981DF7F8A60002132E /* YTWindowViewController.m in Sources */ = {isa = PBXBuildFile; fileRef = 3D21EE941DF7F8A60002132E /* YTWindowViewController.m */; };
		3DF1C8F11EE534E400CDACC2 /* LWPViewController.m in Sources */ = {isa = PBXBuildFile; fileRef = 3DF1C8F01EE534E400CDACC2 /* LWPViewController.m */; };
		7C3F563D9F4469259C7B5439 /* libPods-slikeplayerdemoios.a in Frameworks */ = {isa = PBXBuildFile; fileRef = 13F939DEE1708D2759E95DFF /* libPods-slikeplayerdemoios.a */; };
/* End PBXBuildFile section */

/* Begin PBXFileReference section */
		13F939DEE1708D2759E95DFF /* libPods-slikeplayerdemoios.a */ = {isa = PBXFileReference; explicitFileType = archive.ar; includeInIndex = 0; path = "libPods-slikeplayerdemoios.a"; sourceTree = BUILT_PRODUCTS_DIR; };
		15816757388768BEBF6C1DC9 /* Pods-slikeplayerdemoios.release.xcconfig */ = {isa = PBXFileReference; includeInIndex = 1; lastKnownFileType = text.xcconfig; name = "Pods-slikeplayerdemoios.release.xcconfig"; path = "Pods/Target Support Files/Pods-slikeplayerdemoios/Pods-slikeplayerdemoios.release.xcconfig"; sourceTree = "<group>"; };
		3D21EE731DF7F8300002132E /* slikeplayerdemoios.app */ = {isa = PBXFileReference; explicitFileType = wrapper.application; includeInIndex = 0; path = slikeplayerdemoios.app; sourceTree = BUILT_PRODUCTS_DIR; };
		3D21EE771DF7F8300002132E /* main.m */ = {isa = PBXFileReference; lastKnownFileType = sourcecode.c.objc; path = main.m; sourceTree = "<group>"; };
		3D21EE791DF7F8300002132E /* AppDelegate.h */ = {isa = PBXFileReference; lastKnownFileType = sourcecode.c.h; path = AppDelegate.h; sourceTree = "<group>"; };
		3D21EE7A1DF7F8300002132E /* AppDelegate.m */ = {isa = PBXFileReference; lastKnownFileType = sourcecode.c.objc; path = AppDelegate.m; sourceTree = "<group>"; };
		3D21EE7C1DF7F8300002132E /* ViewController.h */ = {isa = PBXFileReference; lastKnownFileType = sourcecode.c.h; path = ViewController.h; sourceTree = "<group>"; };
		3D21EE7D1DF7F8300002132E /* ViewController.m */ = {isa = PBXFileReference; lastKnownFileType = sourcecode.c.objc; path = ViewController.m; sourceTree = "<group>"; };
		3D21EE801DF7F8300002132E /* Base */ = {isa = PBXFileReference; lastKnownFileType = file.storyboard; name = Base; path = Base.lproj/Main.storyboard; sourceTree = "<group>"; };
		3D21EE821DF7F8300002132E /* Assets.xcassets */ = {isa = PBXFileReference; lastKnownFileType = folder.assetcatalog; path = Assets.xcassets; sourceTree = "<group>"; };
		3D21EE851DF7F8300002132E /* Base */ = {isa = PBXFileReference; lastKnownFileType = file.storyboard; name = Base; path = Base.lproj/LaunchScreen.storyboard; sourceTree = "<group>"; };
		3D21EE871DF7F8300002132E /* Info.plist */ = {isa = PBXFileReference; lastKnownFileType = text.plist.xml; path = Info.plist; sourceTree = "<group>"; };
		3D21EE8D1DF7F8A60002132E /* NavViewController.h */ = {isa = PBXFileReference; fileEncoding = 4; lastKnownFileType = sourcecode.c.h; path = NavViewController.h; sourceTree = "<group>"; };
		3D21EE8E1DF7F8A60002132E /* NavViewController.m */ = {isa = PBXFileReference; fileEncoding = 4; lastKnownFileType = sourcecode.c.objc; path = NavViewController.m; sourceTree = "<group>"; };
		3D21EE8F1DF7F8A60002132E /* PlaylistViewController.h */ = {isa = PBXFileReference; fileEncoding = 4; lastKnownFileType = sourcecode.c.h; path = PlaylistViewController.h; sourceTree = "<group>"; };
		3D21EE901DF7F8A60002132E /* PlaylistViewController.m */ = {isa = PBXFileReference; fileEncoding = 4; lastKnownFileType = sourcecode.c.objc; path = PlaylistViewController.m; sourceTree = "<group>"; };
		3D21EE911DF7F8A60002132E /* WindowViewController.h */ = {isa = PBXFileReference; fileEncoding = 4; lastKnownFileType = sourcecode.c.h; path = WindowViewController.h; sourceTree = "<group>"; };
		3D21EE921DF7F8A60002132E /* WindowViewController.m */ = {isa = PBXFileReference; fileEncoding = 4; lastKnownFileType = sourcecode.c.objc; path = WindowViewController.m; sourceTree = "<group>"; };
		3D21EE931DF7F8A60002132E /* YTWindowViewController.h */ = {isa = PBXFileReference; fileEncoding = 4; lastKnownFileType = sourcecode.c.h; path = YTWindowViewController.h; sourceTree = "<group>"; };
		3D21EE941DF7F8A60002132E /* YTWindowViewController.m */ = {isa = PBXFileReference; fileEncoding = 4; lastKnownFileType = sourcecode.c.objc; path = YTWindowViewController.m; sourceTree = "<group>"; };
		3DF1C8EF1EE534E400CDACC2 /* LWPViewController.h */ = {isa = PBXFileReference; fileEncoding = 4; lastKnownFileType = sourcecode.c.h; path = LWPViewController.h; sourceTree = "<group>"; };
		3DF1C8F01EE534E400CDACC2 /* LWPViewController.m */ = {isa = PBXFileReference; fileEncoding = 4; lastKnownFileType = sourcecode.c.objc; path = LWPViewController.m; sourceTree = "<group>"; };
		C4FC53A0A0EA3AD63DD3DE15 /* Pods-slikeplayerdemoios.debug.xcconfig */ = {isa = PBXFileReference; includeInIndex = 1; lastKnownFileType = text.xcconfig; name = "Pods-slikeplayerdemoios.debug.xcconfig"; path = "Pods/Target Support Files/Pods-slikeplayerdemoios/Pods-slikeplayerdemoios.debug.xcconfig"; sourceTree = "<group>"; };
/* End PBXFileReference section */

/* Begin PBXFrameworksBuildPhase section */
		3D21EE701DF7F8300002132E /* Frameworks */ = {
			isa = PBXFrameworksBuildPhase;
			buildActionMask = 2147483647;
			files = (
				7C3F563D9F4469259C7B5439 /* libPods-slikeplayerdemoios.a in Frameworks */,
			);
			runOnlyForDeploymentPostprocessing = 0;
		};
/* End PBXFrameworksBuildPhase section */

/* Begin PBXGroup section */
		3D21EE6A1DF7F8300002132E = {
			isa = PBXGroup;
			children = (
				3D21EE751DF7F8300002132E /* classes */,
				3D21EE741DF7F8300002132E /* Products */,
				7CAD8CE1C890D14AE9527F48 /* Pods */,
				AA540E58A66D5328CB2F399A /* Frameworks */,
			);
			sourceTree = "<group>";
		};
		3D21EE741DF7F8300002132E /* Products */ = {
			isa = PBXGroup;
			children = (
				3D21EE731DF7F8300002132E /* slikeplayerdemoios.app */,
			);
			name = Products;
			sourceTree = "<group>";
		};
		3D21EE751DF7F8300002132E /* classes */ = {
			isa = PBXGroup;
			children = (
				3DF1C8EF1EE534E400CDACC2 /* LWPViewController.h */,
				3DF1C8F01EE534E400CDACC2 /* LWPViewController.m */,
				3D21EE8D1DF7F8A60002132E /* NavViewController.h */,
				3D21EE8E1DF7F8A60002132E /* NavViewController.m */,
				3D21EE8F1DF7F8A60002132E /* PlaylistViewController.h */,
				3D21EE901DF7F8A60002132E /* PlaylistViewController.m */,
				3D21EE911DF7F8A60002132E /* WindowViewController.h */,
				3D21EE921DF7F8A60002132E /* WindowViewController.m */,
				3D21EE931DF7F8A60002132E /* YTWindowViewController.h */,
				3D21EE941DF7F8A60002132E /* YTWindowViewController.m */,
				3D21EE791DF7F8300002132E /* AppDelegate.h */,
				3D21EE7A1DF7F8300002132E /* AppDelegate.m */,
				3D21EE7C1DF7F8300002132E /* ViewController.h */,
				3D21EE7D1DF7F8300002132E /* ViewController.m */,
				3D21EE7F1DF7F8300002132E /* Main.storyboard */,
				3D21EE821DF7F8300002132E /* Assets.xcassets */,
				3D21EE841DF7F8300002132E /* LaunchScreen.storyboard */,
				3D21EE871DF7F8300002132E /* Info.plist */,
				3D21EE761DF7F8300002132E /* Supporting Files */,
			);
			name = classes;
			path = slikeplayerdemoios;
			sourceTree = "<group>";
		};
		3D21EE761DF7F8300002132E /* Supporting Files */ = {
			isa = PBXGroup;
			children = (
				3D21EE771DF7F8300002132E /* main.m */,
			);
			name = "Supporting Files";
			sourceTree = "<group>";
		};
		7CAD8CE1C890D14AE9527F48 /* Pods */ = {
			isa = PBXGroup;
			children = (
				C4FC53A0A0EA3AD63DD3DE15 /* Pods-slikeplayerdemoios.debug.xcconfig */,
				15816757388768BEBF6C1DC9 /* Pods-slikeplayerdemoios.release.xcconfig */,
			);
			name = Pods;
			sourceTree = "<group>";
		};
		AA540E58A66D5328CB2F399A /* Frameworks */ = {
			isa = PBXGroup;
			children = (
				13F939DEE1708D2759E95DFF /* libPods-slikeplayerdemoios.a */,
			);
			name = Frameworks;
			sourceTree = "<group>";
		};
/* End PBXGroup section */

/* Begin PBXNativeTarget section */
		3D21EE721DF7F8300002132E /* slikeplayerdemoios */ = {
			isa = PBXNativeTarget;
			buildConfigurationList = 3D21EE8A1DF7F8300002132E /* Build configuration list for PBXNativeTarget "slikeplayerdemoios" */;
			buildPhases = (
				7F1A8CFCCE026FD1D939BB80 /* [CP] Check Pods Manifest.lock */,
				3D21EE6F1DF7F8300002132E /* Sources */,
				3D21EE701DF7F8300002132E /* Frameworks */,
				3D21EE711DF7F8300002132E /* Resources */,
				DC4F493682E9B8D4F0F8CAD1 /* [CP] Embed Pods Frameworks */,
				AA92B762B1B106415F928AA1 /* [CP] Copy Pods Resources */,
			);
			buildRules = (
			);
			dependencies = (
			);
			name = slikeplayerdemoios;
			productName = slikeplayerdemoios;
			productReference = 3D21EE731DF7F8300002132E /* slikeplayerdemoios.app */;
			productType = "com.apple.product-type.application";
		};
/* End PBXNativeTarget section */

/* Begin PBXProject section */
		3D21EE6B1DF7F8300002132E /* Project object */ = {
			isa = PBXProject;
			attributes = {
				LastUpgradeCheck = 0810;
				ORGANIZATIONNAME = BBDSL;
				TargetAttributes = {
					3D21EE721DF7F8300002132E = {
						CreatedOnToolsVersion = 8.1;
						ProvisioningStyle = Automatic;
					};
				};
			};
			buildConfigurationList = 3D21EE6E1DF7F8300002132E /* Build configuration list for PBXProject "slikeplayerdemoios" */;
			compatibilityVersion = "Xcode 3.2";
			developmentRegion = English;
			hasScannedForEncodings = 0;
			knownRegions = (
				en,
				Base,
			);
			mainGroup = 3D21EE6A1DF7F8300002132E;
			productRefGroup = 3D21EE741DF7F8300002132E /* Products */;
			projectDirPath = "";
			projectRoot = "";
			targets = (
				3D21EE721DF7F8300002132E /* slikeplayerdemoios */,
			);
		};
/* End PBXProject section */

/* Begin PBXResourcesBuildPhase section */
		3D21EE711DF7F8300002132E /* Resources */ = {
			isa = PBXResourcesBuildPhase;
			buildActionMask = 2147483647;
			files = (
				3D21EE861DF7F8300002132E /* LaunchScreen.storyboard in Resources */,
				3D21EE831DF7F8300002132E /* Assets.xcassets in Resources */,
				3D21EE811DF7F8300002132E /* Main.storyboard in Resources */,
			);
			runOnlyForDeploymentPostprocessing = 0;
		};
/* End PBXResourcesBuildPhase section */

/* Begin PBXShellScriptBuildPhase section */
		7F1A8CFCCE026FD1D939BB80 /* [CP] Check Pods Manifest.lock */ = {
			isa = PBXShellScriptBuildPhase;
			buildActionMask = 2147483647;
			files = (
			);
			inputPaths = (
				"${PODS_PODFILE_DIR_PATH}/Podfile.lock",
				"${PODS_ROOT}/Manifest.lock",
			);
			name = "[CP] Check Pods Manifest.lock";
			outputPaths = (
				"$(DERIVED_FILE_DIR)/Pods-slikeplayerdemoios-checkManifestLockResult.txt",
			);
			runOnlyForDeploymentPostprocessing = 0;
			shellPath = /bin/sh;
			shellScript = "diff \"${PODS_PODFILE_DIR_PATH}/Podfile.lock\" \"${PODS_ROOT}/Manifest.lock\" > /dev/null\nif [ $? != 0 ] ; then\n    # print error to STDERR\n    echo \"error: The sandbox is not in sync with the Podfile.lock. Run 'pod install' or update your CocoaPods installation.\" >&2\n    exit 1\nfi\n# This output is used by Xcode 'outputs' to avoid re-running this script phase.\necho \"SUCCESS\" > \"${SCRIPT_OUTPUT_FILE_0}\"\n";
			showEnvVarsInLog = 0;
		};
		AA92B762B1B106415F928AA1 /* [CP] Copy Pods Resources */ = {
			isa = PBXShellScriptBuildPhase;
			buildActionMask = 2147483647;
			files = (
			);
			inputPaths = (
				"${SRCROOT}/Pods/Target Support Files/Pods-slikeplayerdemoios/Pods-slikeplayerdemoios-resources.sh",
				"${PODS_ROOT}/SVProgressHUD/SVProgressHUD/SVProgressHUD.bundle",
				"${PODS_ROOT}/SlikePlayer/SlikePlayer/Assets/Images.xcassets/Contents.json",
				"${PODS_ROOT}/SlikePlayer/SlikePlayer/Assets/Images.xcassets/images/castCustomUI/backword.imageset/backword.pdf",
				"${PODS_ROOT}/SlikePlayer/SlikePlayer/Assets/Images.xcassets/images/castCustomUI/backword.imageset/Contents.json",
				"${PODS_ROOT}/SlikePlayer/SlikePlayer/Assets/Images.xcassets/images/castCustomUI/cancelCast.imageset/cancelCast.pdf",
				"${PODS_ROOT}/SlikePlayer/SlikePlayer/Assets/Images.xcassets/images/castCustomUI/cancelCast.imageset/Contents.json",
				"${PODS_ROOT}/SlikePlayer/SlikePlayer/Assets/Images.xcassets/images/castCustomUI/caption.imageset/caption.pdf",
				"${PODS_ROOT}/SlikePlayer/SlikePlayer/Assets/Images.xcassets/images/castCustomUI/caption.imageset/Contents.json",
				"${PODS_ROOT}/SlikePlayer/SlikePlayer/Assets/Images.xcassets/images/castCustomUI/castConnected.imageset/castConnected.pdf",
				"${PODS_ROOT}/SlikePlayer/SlikePlayer/Assets/Images.xcassets/images/castCustomUI/castConnected.imageset/Contents.json",
				"${PODS_ROOT}/SlikePlayer/SlikePlayer/Assets/Images.xcassets/images/castCustomUI/castDisconnect.imageset/castDisconnect.pdf",
				"${PODS_ROOT}/SlikePlayer/SlikePlayer/Assets/Images.xcassets/images/castCustomUI/castDisconnect.imageset/Contents.json",
				"${PODS_ROOT}/SlikePlayer/SlikePlayer/Assets/Images.xcassets/images/castCustomUI/castGrayIcon.imageset/castGrayIcon.pdf",
				"${PODS_ROOT}/SlikePlayer/SlikePlayer/Assets/Images.xcassets/images/castCustomUI/castGrayIcon.imageset/Contents.json",
				"${PODS_ROOT}/SlikePlayer/SlikePlayer/Assets/Images.xcassets/images/castCustomUI/closeCast.imageset/closeCast.pdf",
				"${PODS_ROOT}/SlikePlayer/SlikePlayer/Assets/Images.xcassets/images/castCustomUI/closeCast.imageset/Contents.json",
				"${PODS_ROOT}/SlikePlayer/SlikePlayer/Assets/Images.xcassets/images/castCustomUI/Contents.json",
				"${PODS_ROOT}/SlikePlayer/SlikePlayer/Assets/Images.xcassets/images/castCustomUI/eventBackground-1.imageset/Contents.json",
				"${PODS_ROOT}/SlikePlayer/SlikePlayer/Assets/Images.xcassets/images/castCustomUI/eventBackground-1.imageset/eventBackground.png",
				"${PODS_ROOT}/SlikePlayer/SlikePlayer/Assets/Images.xcassets/images/castCustomUI/eventBackground.imageset/Contents.json",
				"${PODS_ROOT}/SlikePlayer/SlikePlayer/Assets/Images.xcassets/images/castCustomUI/eventBackground.imageset/eventBackground.pdf",
				"${PODS_ROOT}/SlikePlayer/SlikePlayer/Assets/Images.xcassets/images/castCustomUI/eventBg.imageset/Contents.json",
				"${PODS_ROOT}/SlikePlayer/SlikePlayer/Assets/Images.xcassets/images/castCustomUI/eventBg.imageset/eventBg.pdf",
				"${PODS_ROOT}/SlikePlayer/SlikePlayer/Assets/Images.xcassets/images/castCustomUI/forward.imageset/Contents.json",
				"${PODS_ROOT}/SlikePlayer/SlikePlayer/Assets/Images.xcassets/images/castCustomUI/forward.imageset/forward.pdf",
				"${PODS_ROOT}/SlikePlayer/SlikePlayer/Assets/Images.xcassets/images/castCustomUI/moreCast.imageset/Contents.json",
				"${PODS_ROOT}/SlikePlayer/SlikePlayer/Assets/Images.xcassets/images/castCustomUI/moreCast.imageset/moreCast.pdf",
				"${PODS_ROOT}/SlikePlayer/SlikePlayer/Assets/Images.xcassets/images/castCustomUI/mute.imageset/Contents.json",
				"${PODS_ROOT}/SlikePlayer/SlikePlayer/Assets/Images.xcassets/images/castCustomUI/mute.imageset/mute.pdf",
				"${PODS_ROOT}/SlikePlayer/SlikePlayer/Assets/Images.xcassets/images/castCustomUI/nextCast.imageset/Contents.json",
				"${PODS_ROOT}/SlikePlayer/SlikePlayer/Assets/Images.xcassets/images/castCustomUI/nextCast.imageset/nextCast.pdf",
				"${PODS_ROOT}/SlikePlayer/SlikePlayer/Assets/Images.xcassets/images/castCustomUI/nobeCast.imageset/Contents.json",
				"${PODS_ROOT}/SlikePlayer/SlikePlayer/Assets/Images.xcassets/images/castCustomUI/nobeCast.imageset/nobeCast.pdf",
				"${PODS_ROOT}/SlikePlayer/SlikePlayer/Assets/Images.xcassets/images/castCustomUI/pauseCast.imageset/Contents.json",
				"${PODS_ROOT}/SlikePlayer/SlikePlayer/Assets/Images.xcassets/images/castCustomUI/pauseCast.imageset/pauseCast.pdf",
				"${PODS_ROOT}/SlikePlayer/SlikePlayer/Assets/Images.xcassets/images/castCustomUI/playCast.imageset/Contents.json",
				"${PODS_ROOT}/SlikePlayer/SlikePlayer/Assets/Images.xcassets/images/castCustomUI/playCast.imageset/playCast.pdf",
				"${PODS_ROOT}/SlikePlayer/SlikePlayer/Assets/Images.xcassets/images/castCustomUI/previousCast.imageset/Contents.json",
				"${PODS_ROOT}/SlikePlayer/SlikePlayer/Assets/Images.xcassets/images/castCustomUI/previousCast.imageset/previousCast.pdf",
				"${PODS_ROOT}/SlikePlayer/SlikePlayer/Assets/Images.xcassets/images/castCustomUI/replyCast.imageset/Contents.json",
				"${PODS_ROOT}/SlikePlayer/SlikePlayer/Assets/Images.xcassets/images/castCustomUI/replyCast.imageset/replyCast.pdf",
				"${PODS_ROOT}/SlikePlayer/SlikePlayer/Assets/Images.xcassets/images/castCustomUI/shareCast.imageset/Contents.json",
				"${PODS_ROOT}/SlikePlayer/SlikePlayer/Assets/Images.xcassets/images/castCustomUI/shareCast.imageset/shareCast.pdf",
				"${PODS_ROOT}/SlikePlayer/SlikePlayer/Assets/Images.xcassets/images/castCustomUI/unmute.imageset/Contents.json",
				"${PODS_ROOT}/SlikePlayer/SlikePlayer/Assets/Images.xcassets/images/castCustomUI/unmute.imageset/unmute.pdf",
				"${PODS_ROOT}/SlikePlayer/SlikePlayer/Assets/Images.xcassets/images/Contents.json",
				"${PODS_ROOT}/SlikePlayer/SlikePlayer/Assets/Images.xcassets/images/player assets/bitrate_icon.imageset/bitrate_icon_all.pdf",
				"${PODS_ROOT}/SlikePlayer/SlikePlayer/Assets/Images.xcassets/images/player assets/bitrate_icon.imageset/Contents.json",
				"${PODS_ROOT}/SlikePlayer/SlikePlayer/Assets/Images.xcassets/images/player assets/Contents.json",
				"${PODS_ROOT}/SlikePlayer/SlikePlayer/Assets/Images.xcassets/images/player assets/exit-full-screen.imageset/Contents.json",
				"${PODS_ROOT}/SlikePlayer/SlikePlayer/Assets/Images.xcassets/images/player assets/exit-full-screen.imageset/contract_all.pdf",
				"${PODS_ROOT}/SlikePlayer/SlikePlayer/Assets/Images.xcassets/images/player assets/full-screen.imageset/Contents.json",
				"${PODS_ROOT}/SlikePlayer/SlikePlayer/Assets/Images.xcassets/images/player assets/full-screen.imageset/expand.pdf",
				"${PODS_ROOT}/SlikePlayer/SlikePlayer/Assets/Images.xcassets/images/player assets/gray_bg.imageset/Contents.json",
				"${PODS_ROOT}/SlikePlayer/SlikePlayer/Assets/Images.xcassets/images/player assets/live_stream.imageset/Contents.json",
				"${PODS_ROOT}/SlikePlayer/SlikePlayer/Assets/Images.xcassets/images/player assets/live_stream.imageset/live_stream.pdf",
				"${PODS_ROOT}/SlikePlayer/SlikePlayer/Assets/Images.xcassets/images/player assets/player_audio.imageset/Contents.json",
				"${PODS_ROOT}/SlikePlayer/SlikePlayer/Assets/Images.xcassets/images/player assets/player_audio.imageset/player_audio.pdf",
				"${PODS_ROOT}/SlikePlayer/SlikePlayer/Assets/Images.xcassets/images/player assets/player_closebtn.imageset/Contents.json",
				"${PODS_ROOT}/SlikePlayer/SlikePlayer/Assets/Images.xcassets/images/player assets/player_closebtn.imageset/player_closebtn.pdf",
				"${PODS_ROOT}/SlikePlayer/SlikePlayer/Assets/Images.xcassets/images/player assets/player_fw.imageset/Contents.json",
				"${PODS_ROOT}/SlikePlayer/SlikePlayer/Assets/Images.xcassets/images/player assets/player_fw.imageset/player_fw.pdf",
				"${PODS_ROOT}/SlikePlayer/SlikePlayer/Assets/Images.xcassets/images/player assets/player_nob.imageset/Contents.json",
				"${PODS_ROOT}/SlikePlayer/SlikePlayer/Assets/Images.xcassets/images/player assets/player_nob.imageset/player_nob.pdf",
				"${PODS_ROOT}/SlikePlayer/SlikePlayer/Assets/Images.xcassets/images/player assets/player_pause.imageset/Contents.json",
				"${PODS_ROOT}/SlikePlayer/SlikePlayer/Assets/Images.xcassets/images/player assets/player_pause.imageset/player_pause.pdf",
				"${PODS_ROOT}/SlikePlayer/SlikePlayer/Assets/Images.xcassets/images/player assets/player_play.imageset/Contents.json",
				"${PODS_ROOT}/SlikePlayer/SlikePlayer/Assets/Images.xcassets/images/player assets/player_play.imageset/player_play.pdf",
				"${PODS_ROOT}/SlikePlayer/SlikePlayer/Assets/Images.xcassets/images/player assets/player_replay.imageset/Contents.json",
				"${PODS_ROOT}/SlikePlayer/SlikePlayer/Assets/Images.xcassets/images/player assets/player_replay.imageset/player_replay.pdf",
				"${PODS_ROOT}/SlikePlayer/SlikePlayer/Assets/Images.xcassets/images/player assets/player_rv.imageset/Contents.json",
				"${PODS_ROOT}/SlikePlayer/SlikePlayer/Assets/Images.xcassets/images/player assets/player_rv.imageset/player_rv.pdf",
				"${PODS_ROOT}/SlikePlayer/SlikePlayer/Assets/Images.xcassets/images/player assets/player_share.imageset/Contents.json",
				"${PODS_ROOT}/SlikePlayer/SlikePlayer/Assets/Images.xcassets/images/player assets/player_share.imageset/player_share.pdf",
				"${PODS_ROOT}/SlikePlayer/SlikePlayer/Assets/Images.xcassets/images/player assets/player_stop.imageset/Contents.json",
				"${PODS_ROOT}/SlikePlayer/SlikePlayer/Assets/Images.xcassets/images/player assets/player_stop.imageset/player_stop.pdf",
				"${PODS_ROOT}/SlikePlayer/SlikePlayer/Assets/Images.xcassets/images/player assets/preloader.imageset/Contents.json",
				"${PODS_ROOT}/SlikePlayer/SlikePlayer/Assets/Images.xcassets/images/player assets/preloader.imageset/preloader.pdf",
				"${PODS_ROOT}/SlikePlayer/SlikePlayer/Assets/Images.xcassets/images/third party/cast icons/cast_off.imageset/cast_off.png",
				"${PODS_ROOT}/SlikePlayer/SlikePlayer/Assets/Images.xcassets/images/third party/cast icons/cast_off.imageset/cast_off@2x.png",
				"${PODS_ROOT}/SlikePlayer/SlikePlayer/Assets/Images.xcassets/images/third party/cast icons/cast_off.imageset/cast_off@3x.png",
				"${PODS_ROOT}/SlikePlayer/SlikePlayer/Assets/Images.xcassets/images/third party/cast icons/cast_off.imageset/Contents.json",
				"${PODS_ROOT}/SlikePlayer/SlikePlayer/Assets/Images.xcassets/images/third party/cast icons/cast_on.imageset/cast_on.png",
				"${PODS_ROOT}/SlikePlayer/SlikePlayer/Assets/Images.xcassets/images/third party/cast icons/cast_on.imageset/cast_on@2x.png",
				"${PODS_ROOT}/SlikePlayer/SlikePlayer/Assets/Images.xcassets/images/third party/cast icons/cast_on.imageset/cast_on@3x.png",
				"${PODS_ROOT}/SlikePlayer/SlikePlayer/Assets/Images.xcassets/images/third party/cast icons/cast_on.imageset/Contents.json",
				"${PODS_ROOT}/SlikePlayer/SlikePlayer/Assets/Images.xcassets/images/third party/cast icons/cast_on0.imageset/cast_on0.png",
				"${PODS_ROOT}/SlikePlayer/SlikePlayer/Assets/Images.xcassets/images/third party/cast icons/cast_on0.imageset/cast_on0@2x.png",
				"${PODS_ROOT}/SlikePlayer/SlikePlayer/Assets/Images.xcassets/images/third party/cast icons/cast_on0.imageset/Contents.json",
				"${PODS_ROOT}/SlikePlayer/SlikePlayer/Assets/Images.xcassets/images/third party/cast icons/cast_on1.imageset/cast_on1.png",
				"${PODS_ROOT}/SlikePlayer/SlikePlayer/Assets/Images.xcassets/images/third party/cast icons/cast_on1.imageset/cast_on1@2x.png",
				"${PODS_ROOT}/SlikePlayer/SlikePlayer/Assets/Images.xcassets/images/third party/cast icons/cast_on1.imageset/Contents.json",
				"${PODS_ROOT}/SlikePlayer/SlikePlayer/Assets/Images.xcassets/images/third party/cast icons/cast_on2.imageset/cast_on2.png",
				"${PODS_ROOT}/SlikePlayer/SlikePlayer/Assets/Images.xcassets/images/third party/cast icons/cast_on2.imageset/cast_on2@2x.png",
				"${PODS_ROOT}/SlikePlayer/SlikePlayer/Assets/Images.xcassets/images/third party/cast icons/cast_on2.imageset/Contents.json",
				"${PODS_ROOT}/SlikePlayer/SlikePlayer/Assets/Images.xcassets/images/third party/cast icons/cast_pause.imageset/Contents.json",
				"${PODS_ROOT}/SlikePlayer/SlikePlayer/Assets/Images.xcassets/images/third party/cast icons/cast_pause.imageset/pause.png",
				"${PODS_ROOT}/SlikePlayer/SlikePlayer/Assets/Images.xcassets/images/third party/cast icons/cast_play.imageset/Contents.json",
				"${PODS_ROOT}/SlikePlayer/SlikePlayer/Assets/Images.xcassets/images/third party/cast icons/cast_play.imageset/play.png",
				"${PODS_ROOT}/SlikePlayer/SlikePlayer/Assets/Images.xcassets/images/third party/cast icons/Contents.json",
				"${PODS_ROOT}/SlikePlayer/SlikePlayer/Assets/Images.xcassets/images/third party/Contents.json",
				"${PODS_ROOT}/SlikePlayer/SlikePlayer/Assets/ui/AdView.xib",
				"${PODS_ROOT}/SlikePlayer/SlikePlayer/Assets/ui/castListCell.xib",
				"${PODS_ROOT}/SlikePlayer/SlikePlayer/Assets/ui/CastListView.xib",
				"${PODS_ROOT}/SlikePlayer/SlikePlayer/Assets/ui/CastView.xib",
				"${PODS_ROOT}/SlikePlayer/SlikePlayer/Assets/ui/DMPlayerView.xib",
				"${PODS_ROOT}/SlikePlayer/SlikePlayer/Assets/ui/ErrorPopUpView.xib",
				"${PODS_ROOT}/SlikePlayer/SlikePlayer/Assets/ui/InFringementView~ipad.xib",
				"${PODS_ROOT}/SlikePlayer/SlikePlayer/Assets/ui/InFringementView~iphone.xib",
				"${PODS_ROOT}/SlikePlayer/SlikePlayer/Assets/ui/LiveEventView.xib",
				"${PODS_ROOT}/SlikePlayer/SlikePlayer/Assets/ui/LogoView~ipad.xib",
				"${PODS_ROOT}/SlikePlayer/SlikePlayer/Assets/ui/LogoView~iphone.xib",
				"${PODS_ROOT}/SlikePlayer/SlikePlayer/Assets/ui/NewYTView.xib",
				"${PODS_ROOT}/SlikePlayer/SlikePlayer/Assets/ui/NextPrevPopView.xib",
				"${PODS_ROOT}/SlikePlayer/SlikePlayer/Assets/ui/NormalControlPlayerView.xib",
				"${PODS_ROOT}/SlikePlayer/SlikePlayer/Assets/ui/PlayerControlView.xib",
				"${PODS_ROOT}/SlikePlayer/SlikePlayer/Assets/ui/PlayerView.xib",
				"${PODS_ROOT}/SlikePlayer/SlikePlayer/Assets/ui/SlikeInAppBrowserView.xib",
				"${PODS_ROOT}/SlikePlayer/SlikePlayer/Assets/Images.xcassets",
				"${PODS_ROOT}/SlikePlayer/SlikePlayer/Assets/Images.xcassets/images",
				"${PODS_ROOT}/SlikePlayer/SlikePlayer/Assets/Images.xcassets/images/castCustomUI",
				"${PODS_ROOT}/SlikePlayer/SlikePlayer/Assets/Images.xcassets/images/castCustomUI/backword.imageset",
				"${PODS_ROOT}/SlikePlayer/SlikePlayer/Assets/Images.xcassets/images/castCustomUI/cancelCast.imageset",
				"${PODS_ROOT}/SlikePlayer/SlikePlayer/Assets/Images.xcassets/images/castCustomUI/caption.imageset",
				"${PODS_ROOT}/SlikePlayer/SlikePlayer/Assets/Images.xcassets/images/castCustomUI/castConnected.imageset",
				"${PODS_ROOT}/SlikePlayer/SlikePlayer/Assets/Images.xcassets/images/castCustomUI/castDisconnect.imageset",
				"${PODS_ROOT}/SlikePlayer/SlikePlayer/Assets/Images.xcassets/images/castCustomUI/castGrayIcon.imageset",
				"${PODS_ROOT}/SlikePlayer/SlikePlayer/Assets/Images.xcassets/images/castCustomUI/closeCast.imageset",
				"${PODS_ROOT}/SlikePlayer/SlikePlayer/Assets/Images.xcassets/images/castCustomUI/eventBackground-1.imageset",
				"${PODS_ROOT}/SlikePlayer/SlikePlayer/Assets/Images.xcassets/images/castCustomUI/eventBackground.imageset",
				"${PODS_ROOT}/SlikePlayer/SlikePlayer/Assets/Images.xcassets/images/castCustomUI/eventBg.imageset",
				"${PODS_ROOT}/SlikePlayer/SlikePlayer/Assets/Images.xcassets/images/castCustomUI/forward.imageset",
				"${PODS_ROOT}/SlikePlayer/SlikePlayer/Assets/Images.xcassets/images/castCustomUI/moreCast.imageset",
				"${PODS_ROOT}/SlikePlayer/SlikePlayer/Assets/Images.xcassets/images/castCustomUI/mute.imageset",
				"${PODS_ROOT}/SlikePlayer/SlikePlayer/Assets/Images.xcassets/images/castCustomUI/nextCast.imageset",
				"${PODS_ROOT}/SlikePlayer/SlikePlayer/Assets/Images.xcassets/images/castCustomUI/nobeCast.imageset",
				"${PODS_ROOT}/SlikePlayer/SlikePlayer/Assets/Images.xcassets/images/castCustomUI/pauseCast.imageset",
				"${PODS_ROOT}/SlikePlayer/SlikePlayer/Assets/Images.xcassets/images/castCustomUI/playCast.imageset",
				"${PODS_ROOT}/SlikePlayer/SlikePlayer/Assets/Images.xcassets/images/castCustomUI/previousCast.imageset",
				"${PODS_ROOT}/SlikePlayer/SlikePlayer/Assets/Images.xcassets/images/castCustomUI/replyCast.imageset",
				"${PODS_ROOT}/SlikePlayer/SlikePlayer/Assets/Images.xcassets/images/castCustomUI/shareCast.imageset",
				"${PODS_ROOT}/SlikePlayer/SlikePlayer/Assets/Images.xcassets/images/castCustomUI/unmute.imageset",
				"${PODS_ROOT}/SlikePlayer/SlikePlayer/Assets/Images.xcassets/images/player assets",
				"${PODS_ROOT}/SlikePlayer/SlikePlayer/Assets/Images.xcassets/images/player assets/bitrate_icon.imageset",
				"${PODS_ROOT}/SlikePlayer/SlikePlayer/Assets/Images.xcassets/images/player assets/exit-full-screen.imageset",
				"${PODS_ROOT}/SlikePlayer/SlikePlayer/Assets/Images.xcassets/images/player assets/full-screen.imageset",
				"${PODS_ROOT}/SlikePlayer/SlikePlayer/Assets/Images.xcassets/images/player assets/gray_bg.imageset",
				"${PODS_ROOT}/SlikePlayer/SlikePlayer/Assets/Images.xcassets/images/player assets/live_stream.imageset",
				"${PODS_ROOT}/SlikePlayer/SlikePlayer/Assets/Images.xcassets/images/player assets/player_audio.imageset",
				"${PODS_ROOT}/SlikePlayer/SlikePlayer/Assets/Images.xcassets/images/player assets/player_closebtn.imageset",
				"${PODS_ROOT}/SlikePlayer/SlikePlayer/Assets/Images.xcassets/images/player assets/player_fw.imageset",
				"${PODS_ROOT}/SlikePlayer/SlikePlayer/Assets/Images.xcassets/images/player assets/player_nob.imageset",
				"${PODS_ROOT}/SlikePlayer/SlikePlayer/Assets/Images.xcassets/images/player assets/player_pause.imageset",
				"${PODS_ROOT}/SlikePlayer/SlikePlayer/Assets/Images.xcassets/images/player assets/player_play.imageset",
				"${PODS_ROOT}/SlikePlayer/SlikePlayer/Assets/Images.xcassets/images/player assets/player_replay.imageset",
				"${PODS_ROOT}/SlikePlayer/SlikePlayer/Assets/Images.xcassets/images/player assets/player_rv.imageset",
				"${PODS_ROOT}/SlikePlayer/SlikePlayer/Assets/Images.xcassets/images/player assets/player_share.imageset",
				"${PODS_ROOT}/SlikePlayer/SlikePlayer/Assets/Images.xcassets/images/player assets/player_stop.imageset",
				"${PODS_ROOT}/SlikePlayer/SlikePlayer/Assets/Images.xcassets/images/player assets/preloader.imageset",
				"${PODS_ROOT}/SlikePlayer/SlikePlayer/Assets/Images.xcassets/images/third party",
				"${PODS_ROOT}/SlikePlayer/SlikePlayer/Assets/Images.xcassets/images/third party/cast icons",
				"${PODS_ROOT}/SlikePlayer/SlikePlayer/Assets/Images.xcassets/images/third party/cast icons/cast_off.imageset",
				"${PODS_ROOT}/SlikePlayer/SlikePlayer/Assets/Images.xcassets/images/third party/cast icons/cast_on.imageset",
				"${PODS_ROOT}/SlikePlayer/SlikePlayer/Assets/Images.xcassets/images/third party/cast icons/cast_on0.imageset",
				"${PODS_ROOT}/SlikePlayer/SlikePlayer/Assets/Images.xcassets/images/third party/cast icons/cast_on1.imageset",
				"${PODS_ROOT}/SlikePlayer/SlikePlayer/Assets/Images.xcassets/images/third party/cast icons/cast_on2.imageset",
				"${PODS_ROOT}/SlikePlayer/SlikePlayer/Assets/Images.xcassets/images/third party/cast icons/cast_pause.imageset",
				"${PODS_ROOT}/SlikePlayer/SlikePlayer/Assets/Images.xcassets/images/third party/cast icons/cast_play.imageset",
				"${PODS_ROOT}/SlikePlayer/SlikePlayer/Assets/ui",
				"$PODS_CONFIGURATION_BUILD_DIR/SlikePlayer/SlikePlayer.bundle",
				"${PODS_ROOT}/youtube-ios-player-helper/youtube-ios-player-helper/Assets.bundle",
			);
			name = "[CP] Copy Pods Resources";
			outputPaths = (
				"${TARGET_BUILD_DIR}/${UNLOCALIZED_RESOURCES_FOLDER_PATH}",
			);
			runOnlyForDeploymentPostprocessing = 0;
			shellPath = /bin/sh;
			shellScript = "\"${SRCROOT}/Pods/Target Support Files/Pods-slikeplayerdemoios/Pods-slikeplayerdemoios-resources.sh\"\n";
			showEnvVarsInLog = 0;
		};
		DC4F493682E9B8D4F0F8CAD1 /* [CP] Embed Pods Frameworks */ = {
			isa = PBXShellScriptBuildPhase;
			buildActionMask = 2147483647;
			files = (
			);
			inputPaths = (
				"${SRCROOT}/Pods/Target Support Files/Pods-slikeplayerdemoios/Pods-slikeplayerdemoios-frameworks.sh",
				"${PODS_ROOT}/GoogleAds-IMA-iOS-SDK/GoogleInteractiveMediaAds/GoogleInteractiveMediaAds.framework",
				"${PODS_ROOT}/google-cast-sdk/GoogleCastSDK-Public-3.5.6-Release/GoogleCast.framework",
			);
			name = "[CP] Embed Pods Frameworks";
			outputPaths = (
				"${TARGET_BUILD_DIR}/${FRAMEWORKS_FOLDER_PATH}/GoogleInteractiveMediaAds.framework",
				"${TARGET_BUILD_DIR}/${FRAMEWORKS_FOLDER_PATH}/GoogleCast.framework",
			);
			runOnlyForDeploymentPostprocessing = 0;
			shellPath = /bin/sh;
			shellScript = "\"${SRCROOT}/Pods/Target Support Files/Pods-slikeplayerdemoios/Pods-slikeplayerdemoios-frameworks.sh\"\n";
			showEnvVarsInLog = 0;
		};
/* End PBXShellScriptBuildPhase section */

/* Begin PBXSourcesBuildPhase section */
		3D21EE6F1DF7F8300002132E /* Sources */ = {
			isa = PBXSourcesBuildPhase;
			buildActionMask = 2147483647;
			files = (
				3DF1C8F11EE534E400CDACC2 /* LWPViewController.m in Sources */,
				3D21EE7E1DF7F8300002132E /* ViewController.m in Sources */,
				3D21EE981DF7F8A60002132E /* YTWindowViewController.m in Sources */,
				3D21EE7B1DF7F8300002132E /* AppDelegate.m in Sources */,
				3D21EE971DF7F8A60002132E /* WindowViewController.m in Sources */,
				3D21EE951DF7F8A60002132E /* NavViewController.m in Sources */,
				3D21EE961DF7F8A60002132E /* PlaylistViewController.m in Sources */,
				3D21EE781DF7F8300002132E /* main.m in Sources */,
			);
			runOnlyForDeploymentPostprocessing = 0;
		};
/* End PBXSourcesBuildPhase section */

/* Begin PBXVariantGroup section */
		3D21EE7F1DF7F8300002132E /* Main.storyboard */ = {
			isa = PBXVariantGroup;
			children = (
				3D21EE801DF7F8300002132E /* Base */,
			);
			name = Main.storyboard;
			sourceTree = "<group>";
		};
		3D21EE841DF7F8300002132E /* LaunchScreen.storyboard */ = {
			isa = PBXVariantGroup;
			children = (
				3D21EE851DF7F8300002132E /* Base */,
			);
			name = LaunchScreen.storyboard;
			sourceTree = "<group>";
		};
/* End PBXVariantGroup section */

/* Begin XCBuildConfiguration section */
		3D21EE881DF7F8300002132E /* Debug */ = {
			isa = XCBuildConfiguration;
			buildSettings = {
				ALWAYS_SEARCH_USER_PATHS = NO;
				CLANG_ANALYZER_NONNULL = YES;
				CLANG_CXX_LANGUAGE_STANDARD = "gnu++0x";
				CLANG_CXX_LIBRARY = "libc++";
				CLANG_ENABLE_MODULES = YES;
				CLANG_ENABLE_OBJC_ARC = YES;
				CLANG_WARN_BOOL_CONVERSION = YES;
				CLANG_WARN_CONSTANT_CONVERSION = YES;
				CLANG_WARN_DIRECT_OBJC_ISA_USAGE = YES_ERROR;
				CLANG_WARN_DOCUMENTATION_COMMENTS = YES;
				CLANG_WARN_EMPTY_BODY = YES;
				CLANG_WARN_ENUM_CONVERSION = YES;
				CLANG_WARN_INFINITE_RECURSION = YES;
				CLANG_WARN_INT_CONVERSION = YES;
				CLANG_WARN_OBJC_ROOT_CLASS = YES_ERROR;
				CLANG_WARN_SUSPICIOUS_MOVES = YES;
				CLANG_WARN_UNREACHABLE_CODE = YES;
				CLANG_WARN__DUPLICATE_METHOD_MATCH = YES;
				"CODE_SIGN_IDENTITY[sdk=iphoneos*]" = "iPhone Developer";
				COPY_PHASE_STRIP = NO;
				DEBUG_INFORMATION_FORMAT = dwarf;
				ENABLE_STRICT_OBJC_MSGSEND = YES;
				ENABLE_TESTABILITY = YES;
				GCC_C_LANGUAGE_STANDARD = gnu99;
				GCC_DYNAMIC_NO_PIC = NO;
				GCC_NO_COMMON_BLOCKS = YES;
				GCC_OPTIMIZATION_LEVEL = 0;
				GCC_PREPROCESSOR_DEFINITIONS = (
					"DEBUG=1",
					"$(inherited)",
				);
				GCC_WARN_64_TO_32_BIT_CONVERSION = YES;
				GCC_WARN_ABOUT_RETURN_TYPE = YES_ERROR;
				GCC_WARN_UNDECLARED_SELECTOR = YES;
				GCC_WARN_UNINITIALIZED_AUTOS = YES_AGGRESSIVE;
				GCC_WARN_UNUSED_FUNCTION = YES;
				GCC_WARN_UNUSED_VARIABLE = YES;
				IPHONEOS_DEPLOYMENT_TARGET = 10.1;
				MTL_ENABLE_DEBUG_INFO = YES;
				ONLY_ACTIVE_ARCH = YES;
				SDKROOT = iphoneos;
				TARGETED_DEVICE_FAMILY = "1,2";
			};
			name = Debug;
		};
		3D21EE891DF7F8300002132E /* Release */ = {
			isa = XCBuildConfiguration;
			buildSettings = {
				ALWAYS_SEARCH_USER_PATHS = NO;
				CLANG_ANALYZER_NONNULL = YES;
				CLANG_CXX_LANGUAGE_STANDARD = "gnu++0x";
				CLANG_CXX_LIBRARY = "libc++";
				CLANG_ENABLE_MODULES = YES;
				CLANG_ENABLE_OBJC_ARC = YES;
				CLANG_WARN_BOOL_CONVERSION = YES;
				CLANG_WARN_CONSTANT_CONVERSION = YES;
				CLANG_WARN_DIRECT_OBJC_ISA_USAGE = YES_ERROR;
				CLANG_WARN_DOCUMENTATION_COMMENTS = YES;
				CLANG_WARN_EMPTY_BODY = YES;
				CLANG_WARN_ENUM_CONVERSION = YES;
				CLANG_WARN_INFINITE_RECURSION = YES;
				CLANG_WARN_INT_CONVERSION = YES;
				CLANG_WARN_OBJC_ROOT_CLASS = YES_ERROR;
				CLANG_WARN_SUSPICIOUS_MOVES = YES;
				CLANG_WARN_UNREACHABLE_CODE = YES;
				CLANG_WARN__DUPLICATE_METHOD_MATCH = YES;
				"CODE_SIGN_IDENTITY[sdk=iphoneos*]" = "iPhone Developer";
				COPY_PHASE_STRIP = NO;
				DEBUG_INFORMATION_FORMAT = "dwarf-with-dsym";
				ENABLE_NS_ASSERTIONS = NO;
				ENABLE_STRICT_OBJC_MSGSEND = YES;
				GCC_C_LANGUAGE_STANDARD = gnu99;
				GCC_NO_COMMON_BLOCKS = YES;
				GCC_WARN_64_TO_32_BIT_CONVERSION = YES;
				GCC_WARN_ABOUT_RETURN_TYPE = YES_ERROR;
				GCC_WARN_UNDECLARED_SELECTOR = YES;
				GCC_WARN_UNINITIALIZED_AUTOS = YES_AGGRESSIVE;
				GCC_WARN_UNUSED_FUNCTION = YES;
				GCC_WARN_UNUSED_VARIABLE = YES;
				IPHONEOS_DEPLOYMENT_TARGET = 10.1;
				MTL_ENABLE_DEBUG_INFO = NO;
				SDKROOT = iphoneos;
				TARGETED_DEVICE_FAMILY = "1,2";
				VALIDATE_PRODUCT = YES;
			};
			name = Release;
		};
		3D21EE8B1DF7F8300002132E /* Debug */ = {
			isa = XCBuildConfiguration;
			baseConfigurationReference = C4FC53A0A0EA3AD63DD3DE15 /* Pods-slikeplayerdemoios.debug.xcconfig */;
			buildSettings = {
				ASSETCATALOG_COMPILER_APPICON_NAME = AppIcon;
				INFOPLIST_FILE = slikeplayerdemoios/Info.plist;
				IPHONEOS_DEPLOYMENT_TARGET = 8.0;
				LD_RUNPATH_SEARCH_PATHS = "$(inherited) @executable_path/Frameworks";
				PRODUCT_BUNDLE_IDENTIFIER = com.til.slike.slikeplayerdemoios;
				PRODUCT_NAME = "$(TARGET_NAME)";
			};
			name = Debug;
		};
		3D21EE8C1DF7F8300002132E /* Release */ = {
			isa = XCBuildConfiguration;
			baseConfigurationReference = 15816757388768BEBF6C1DC9 /* Pods-slikeplayerdemoios.release.xcconfig */;
			buildSettings = {
				ASSETCATALOG_COMPILER_APPICON_NAME = AppIcon;
				INFOPLIST_FILE = slikeplayerdemoios/Info.plist;
				IPHONEOS_DEPLOYMENT_TARGET = 8.0;
				LD_RUNPATH_SEARCH_PATHS = "$(inherited) @executable_path/Frameworks";
				PRODUCT_BUNDLE_IDENTIFIER = com.til.slike.slikeplayerdemoios;
				PRODUCT_NAME = "$(TARGET_NAME)";
			};
			name = Release;
		};
/* End XCBuildConfiguration section */

/* Begin XCConfigurationList section */
		3D21EE6E1DF7F8300002132E /* Build configuration list for PBXProject "slikeplayerdemoios" */ = {
			isa = XCConfigurationList;
			buildConfigurations = (
				3D21EE881DF7F8300002132E /* Debug */,
				3D21EE891DF7F8300002132E /* Release */,
			);
			defaultConfigurationIsVisible = 0;
			defaultConfigurationName = Release;
		};
		3D21EE8A1DF7F8300002132E /* Build configuration list for PBXNativeTarget "slikeplayerdemoios" */ = {
			isa = XCConfigurationList;
			buildConfigurations = (
				3D21EE8B1DF7F8300002132E /* Debug */,
				3D21EE8C1DF7F8300002132E /* Release */,
			);
			defaultConfigurationIsVisible = 0;
			defaultConfigurationName = Release;
		};
/* End XCConfigurationList section */
	};
	rootObject = 3D21EE6B1DF7F8300002132E /* Project object */;
}
